
Microsoft Visual Studio Solution File, Format Version 12.00
# Visual Studio Version 17
VisualStudioVersion = 17.13.35919.96 d17.13
MinimumVisualStudioVersion = 10.0.40219.1
Project("{FAE04EC0-301F-11D3-BF4B-00C04F79EFBC}") = "Lesson_10_Referencia", "Lesson_10_Referencia.csproj", "{50E1D6D3-887F-4037-83D5-373E85497C3E}"
EndProject
Global
	GlobalSection(SolutionConfigurationPlatforms) = preSolution
		Debug|Any CPU = Debug|Any CPU
		Release|Any CPU = Release|Any CPU
	EndGlobalSection
	GlobalSection(ProjectConfigurationPlatforms) = postSolution
		{50E1D6D3-887F-4037-83D5-373E85497C3E}.Debug|Any CPU.ActiveCfg = Debug|Any CPU
		{50E1D6D3-887F-4037-83D5-373E85497C3E}.Debug|Any CPU.Build.0 = Debug|Any CPU
		{50E1D6D3-887F-4037-83D5-373E85497C3E}.Release|Any CPU.ActiveCfg = Release|Any CPU
		{50E1D6D3-887F-4037-83D5-373E85497C3E}.Release|Any CPU.Build.0 = Release|Any CPU
	EndGlobalSection
	GlobalSection(SolutionProperties) = preSolution
		HideSolutionNode = FALSE
	EndGlobalSection
	GlobalSection(ExtensibilityGlobals) = postSolution
		SolutionGuid = {5A3B1B7B-7BBF-4FF4-9665-8C8D0053E0D0}
	EndGlobalSection
EndGlobal
